
Microsoft Visual Studio Solution File, Format Version 12.00
# Visual Studio Version 16
VisualStudioVersion = 16.0.31410.223
MinimumVisualStudioVersion = 10.0.40219.1
Project("{FAE04EC0-301F-11D3-BF4B-00C04F79EFBC}") = "CompositeExample", "CompositeExample.csproj", "{C4267890-946D-470B-8212-0BD8BA171370}"
EndProject
Global
	GlobalSection(SolutionConfigurationPlatforms) = preSolution
		Debug|Any CPU = Debug|Any CPU
		Release|Any CPU = Release|Any CPU
	EndGlobalSection
	GlobalSection(ProjectConfigurationPlatforms) = postSolution
		{C4267890-946D-470B-8212-0BD8BA171370}.Debug|Any CPU.ActiveCfg = Debug|Any CPU
		{C4267890-946D-470B-8212-0BD8BA171370}.Debug|Any CPU.Build.0 = Debug|Any CPU
		{C4267890-946D-470B-8212-0BD8BA171370}.Release|Any CPU.ActiveCfg = Release|Any CPU
		{C4267890-946D-470B-8212-0BD8BA171370}.Release|Any CPU.Build.0 = Release|Any CPU
	EndGlobalSection
	GlobalSection(SolutionProperties) = preSolution
		HideSolutionNode = FALSE
	EndGlobalSection
	GlobalSection(ExtensibilityGlobals) = postSolution
		SolutionGuid = {5C319FC6-CA98-48E9-9A1B-AECFF21FD2C6}
	EndGlobalSection
EndGlobal
